<?xml version="1.0" encoding="utf-8"?>
<Project ToolsVersion="4.0" xmlns="http://schemas.microsoft.com/developer/msbuild/2003">
  <ItemGroup>
    <CudaCompile Include="cuLDPC_kernel.cu" />
  </ItemGroup>
  <ItemGroup>
    <Filter Include="util">
      <UniqueIdentifier>{458cc4f0-989c-4700-8e01-6b916020859d}</UniqueIdentifier>
    </Filter>
  </ItemGroup>
  <ItemGroup>
    <ClInclude Include="util\helper_string.h">
      <Filter>util</Filter>
    </ClInclude>
    <ClInclude Include="util\helper_cuda.h">
      <Filter>util</Filter>
    </ClInclude>
    <ClInclude Include="util\timer.h">
      <Filter>util</Filter>
    </ClInclude>
    <ClInclude Include="cuLDPC_kernel.h" />
  </ItemGroup>
</Project>